
Microsoft Visual Studio Solution File, Format Version 12.00
Project("{FAE04EC0-301F-11D3-BF4B-00C04F79EFBC}") = "FanoutPublisher", "FanoutPublisher\FanoutPublisher.csproj", "{DD80E8EF-77F3-4E09-8AD9-4279705E18FE}"
EndProject
Project("{FAE04EC0-301F-11D3-BF4B-00C04F79EFBC}") = "FanoutConsumer", "FanoutConsumer\FanoutConsumer.csproj", "{E6EC3BA0-0ED7-40B1-BB96-E5A52D4D99A9}"
EndProject
Global
	GlobalSection(SolutionConfigurationPlatforms) = preSolution
		Debug|Any CPU = Debug|Any CPU
		Release|Any CPU = Release|Any CPU
	EndGlobalSection
	GlobalSection(ProjectConfigurationPlatforms) = postSolution
		{DD80E8EF-77F3-4E09-8AD9-4279705E18FE}.Debug|Any CPU.ActiveCfg = Debug|Any CPU
		{DD80E8EF-77F3-4E09-8AD9-4279705E18FE}.Debug|Any CPU.Build.0 = Debug|Any CPU
		{DD80E8EF-77F3-4E09-8AD9-4279705E18FE}.Release|Any CPU.ActiveCfg = Release|Any CPU
		{DD80E8EF-77F3-4E09-8AD9-4279705E18FE}.Release|Any CPU.Build.0 = Release|Any CPU
		{E6EC3BA0-0ED7-40B1-BB96-E5A52D4D99A9}.Debug|Any CPU.ActiveCfg = Debug|Any CPU
		{E6EC3BA0-0ED7-40B1-BB96-E5A52D4D99A9}.Debug|Any CPU.Build.0 = Debug|Any CPU
		{E6EC3BA0-0ED7-40B1-BB96-E5A52D4D99A9}.Release|Any CPU.ActiveCfg = Release|Any CPU
		{E6EC3BA0-0ED7-40B1-BB96-E5A52D4D99A9}.Release|Any CPU.Build.0 = Release|Any CPU
	EndGlobalSection
EndGlobal
